// !$*UTF8*$!
{
	archiveVersion = 1;
	classes = {
	};
	objectVersion = 46;
	objects = {

/* Begin PBXBuildFile section */
		3CDC9C2B1C84D4EF00F795E4 /* AppDelegate.swift in Sources */ = {isa = PBXBuildFile; fileRef = 3CDC9C2A1C84D4EF00F795E4 /* AppDelegate.swift */; };
		3CDC9C2D1C84D4EF00F795E4 /* ViewController.swift in Sources */ = {isa = PBXBuildFile; fileRef = 3CDC9C2C1C84D4EF00F795E4 /* ViewController.swift */; };
		3CDC9C301C84D4F000F795E4 /* Main.storyboard in Resources */ = {isa = PBXBuildFile; fileRef = 3CDC9C2E1C84D4F000F795E4 /* Main.storyboard */; };
		3CDC9C321C84D4F000F795E4 /* Assets.xcassets in Resources */ = {isa = PBXBuildFile; fileRef = 3CDC9C311C84D4F000F795E4 /* Assets.xcassets */; };
		3CDC9C351C84D4F000F795E4 /* LaunchScreen.storyboard in Resources */ = {isa = PBXBuildFile; fileRef = 3CDC9C331C84D4F000F795E4 /* LaunchScreen.storyboard */; };
/* End PBXBuildFile section */

/* Begin PBXFileReference section */
		3CDC9C271C84D4EF00F795E4 /* HelloWorld.app */ = {isa = PBXFileReference; explicitFileType = wrapper.application; includeInIndex = 0; path = HelloWorld.app; sourceTree = BUILT_PRODUCTS_DIR; };
		3CDC9C2A1C84D4EF00F795E4 /* AppDelegate.swift */ = {isa = PBXFileReference; lastKnownFileType = sourcecode.swift; path = AppDelegate.swift; sourceTree = "<group>"; };
		3CDC9C2C1C84D4EF00F795E4 /* ViewController.swift */ = {isa = PBXFileReference; lastKnownFileType = sourcecode.swift; path = ViewController.swift; sourceTree = "<group>"; };
		3CDC9C2F1C84D4F000F795E4 /* Base */ = {isa = PBXFileReference; lastKnownFileType = file.storyboard; name = Base; path = Base.lproj/Main.storyboard; sourceTree = "<group>"; };
		3CDC9C311C84D4F000F795E4 /* Assets.xcassets */ = {isa = PBXFileReference; lastKnownFileType = folder.assetcatalog; path = Assets.xcassets; sourceTree = "<group>"; };
		3CDC9C341C84D4F000F795E4 /* Base */ = {isa = PBXFileReference; lastKnownFileType = file.storyboard; name = Base; path = Base.lproj/LaunchScreen.storyboard; sourceTree = "<group>"; };
		3CDC9C361C84D4F000F795E4 /* Info.plist */ = {isa = PBXFileReference; lastKnownFileType = text.plist.xml; path = Info.plist; sourceTree = "<group>"; };
/* End PBXFileReference section */

/* Begin PBXFrameworksBuildPhase section */
		3CDC9C241C84D4EF00F795E4 /* Frameworks */ = {
			isa = PBXFrameworksBuildPhase;
			buildActionMask = 2147483647;
			files = (
			);
			runOnlyForDeploymentPostprocessing = 0;
		};
/* End PBXFrameworksBuildPhase section */

/* Begin PBXGroup section */
		3CDC9C1E1C84D4EF00F795E4 = {
			isa = PBXGroup;
			children = (
				3CDC9C291C84D4EF00F795E4 /* HelloWorld */,
				3CDC9C281C84D4EF00F795E4 /* Products */,
			);
			sourceTree = "<group>";
		};
		3CDC9C281C84D4EF00F795E4 /* Products */ = {
			isa = PBXGroup;
			children = (
				3CDC9C271C84D4EF00F795E4 /* HelloWorld.app */,
			);
			name = Products;
			sourceTree = "<group>";
		};
		3CDC9C291C84D4EF00F795E4 /* HelloWorld */ = {
			isa = PBXGroup;
			children = (
				3CDC9C2A1C84D4EF00F795E4 /* AppDelegate.swift */,
				3CDC9C2C1C84D4EF00F795E4 /* ViewController.swift */,
				3CDC9C2E1C84D4F000F795E4 /* Main.storyboard */,
				3CDC9C311C84D4F000F795E4 /* Assets.xcassets */,
				3CDC9C331C84D4F000F795E4 /* LaunchScreen.storyboard */,
				3CDC9C361C84D4F000F795E4 /* Info.plist */,
			);
			path = HelloWorld;
			sourceTree = "<group>";
		};
/* End PBXGroup section */

/* Begin PBXNativeTarget section */
		3CDC9C261C84D4EF00F795E4 /* HelloWorld */ = {
			isa = PBXNativeTarget;
			buildConfigurationList = 3CDC9C391C84D4F000F795E4 /* Build configuration list for PBXNativeTarget "HelloWorld" */;
			buildPhases = (
				3CDC9C231C84D4EF00F795E4 /* Sources */,
				3CDC9C241C84D4EF00F795E4 /* Frameworks */,
				3CDC9C251C84D4EF00F795E4 /* Resources */,
			);
			buildRules = (
			);
			dependencies = (
			);
			name = HelloWorld;
			productName = HelloWorld;
			productReference = 3CDC9C271C84D4EF00F795E4 /* HelloWorld.app */;
			productType = "com.apple.product-type.application";
		};
/* End PBXNativeTarget section */

/* Begin PBXProject section */
		3CDC9C1F1C84D4EF00F795E4 /* Project object */ = {
			isa = PBXProject;
			attributes = {
				LastSwiftUpdateCheck = 0720;
				LastUpgradeCheck = 0720;
				ORGANIZATIONNAME = Integro;
				TargetAttributes = {
					3CDC9C261C84D4EF00F795E4 = {
						CreatedOnToolsVersion = 7.2;
					};
				};
			};
			buildConfigurationList = 3CDC9C221C84D4EF00F795E4 /* Build configuration list for PBXProject "HelloWorld" */;
			compatibilityVersion = "Xcode 3.2";
			developmentRegion = English;
			hasScannedForEncodings = 0;
			knownRegions = (
				en,
				Base,
			);
			mainGroup = 3CDC9C1E1C84D4EF00F795E4;
			productRefGroup = 3CDC9C281C84D4EF00F795E4 /* Products */;
			projectDirPath = "";
			projectRoot = "";
			targets = (
				3CDC9C261C84D4EF00F795E4 /* HelloWorld */,
			);
		};
/* End PBXProject section */

/* Begin PBXResourcesBuildPhase section */
		3CDC9C251C84D4EF00F795E4 /* Resources */ = {
			isa = PBXResourcesBuildPhase;
			buildActionMask = 2147483647;
			files = (
				3CDC9C351C84D4F000F795E4 /* LaunchScreen.storyboard in Resources */,
				3CDC9C321C84D4F000F795E4 /* Assets.xcassets in Resources */,
				3CDC9C301C84D4F000F795E4 /* Main.storyboard in Resources */,
			);
			runOnlyForDeploymentPostprocessing = 0;
		};
/* End PBXResourcesBuildPhase section */

/* Begin PBXSourcesBuildPhase section */
		3CDC9C231C84D4EF00F795E4 /* Sources */ = {
			isa = PBXSourcesBuildPhase;
			buildActionMask = 2147483647;
			files = (
				3CDC9C2D1C84D4EF00F795E4 /* ViewController.swift in Sources */,
				3CDC9C2B1C84D4EF00F795E4 /* AppDelegate.swift in Sources */,
			);
			runOnlyForDeploymentPostprocessing = 0;
		};
/* End PBXSourcesBuildPhase section */

/* Begin PBXVariantGroup section */
		3CDC9C2E1C84D4F000F795E4 /* Main.storyboard */ = {
			isa = PBXVariantGroup;
			children = (
				3CDC9C2F1C84D4F000F795E4 /* Base */,
			);
			name = Main.storyboard;
			sourceTree = "<group>";
		};
		3CDC9C331C84D4F000F795E4 /* LaunchScreen.storyboard */ = {
			isa = PBXVariantGroup;
			children = (
				3CDC9C341C84D4F000F795E4 /* Base */,
			);
			name = LaunchScreen.storyboard;
			sourceTree = "<group>";
		};
/* End PBXVariantGroup section */

/* Begin XCBuildConfiguration section */
		3CDC9C371C84D4F000F795E4 /* Debug */ = {
			isa = XCBuildConfiguration;
			buildSettings = {
				ALWAYS_SEARCH_USER_PATHS = NO;
				CLANG_CXX_LANGUAGE_STANDARD = "gnu++0x";
				CLANG_CXX_LIBRARY = "libc++";
				CLANG_ENABLE_MODULES = YES;
				CLANG_ENABLE_OBJC_ARC = YES;
				CLANG_WARN_BOOL_CONVERSION = YES;
				CLANG_WARN_CONSTANT_CONVERSION = YES;
				CLANG_WARN_DIRECT_OBJC_ISA_USAGE = YES_ERROR;
				CLANG_WARN_EMPTY_BODY = YES;
				CLANG_WARN_ENUM_CONVERSION = YES;
				CLANG_WARN_INT_CONVERSION = YES;
				CLANG_WARN_OBJC_ROOT_CLASS = YES_ERROR;
				CLANG_WARN_UNREACHABLE_CODE = YES;
				CLANG_WARN__DUPLICATE_METHOD_MATCH = YES;
				"CODE_SIGN_IDENTITY[sdk=iphoneos*]" = "iPhone Developer";
				COPY_PHASE_STRIP = NO;
				DEBUG_INFORMATION_FORMAT = dwarf;
				ENABLE_STRICT_OBJC_MSGSEND = YES;
				ENABLE_TESTABILITY = YES;
				GCC_C_LANGUAGE_STANDARD = gnu99;
				GCC_DYNAMIC_NO_PIC = NO;
				GCC_NO_COMMON_BLOCKS = YES;
				GCC_OPTIMIZATION_LEVEL = 0;
				GCC_PREPROCESSOR_DEFINITIONS = (
					"DEBUG=1",
					"$(inherited)",
				);
				GCC_WARN_64_TO_32_BIT_CONVERSION = YES;
				GCC_WARN_ABOUT_RETURN_TYPE = YES_ERROR;
				GCC_WARN_UNDECLARED_SELECTOR = YES;
				GCC_WARN_UNINITIALIZED_AUTOS = YES_AGGRESSIVE;
				GCC_WARN_UNUSED_FUNCTION = YES;
				GCC_WARN_UNUSED_VARIABLE = YES;
				IPHONEOS_DEPLOYMENT_TARGET = 9.2;
				MTL_ENABLE_DEBUG_INFO = YES;
				ONLY_ACTIVE_ARCH = YES;
				SDKROOT = iphoneos;
				SWIFT_OPTIMIZATION_LEVEL = "-Onone";
			};
			name = Debug;
		};
		3CDC9C381C84D4F000F795E4 /* Release */ = {
			isa = XCBuildConfiguration;
			buildSettings = {
				ALWAYS_SEARCH_USER_PATHS = NO;
				CLANG_CXX_LANGUAGE_STANDARD = "gnu++0x";
				CLANG_CXX_LIBRARY = "libc++";
				CLANG_ENABLE_MODULES = YES;
				CLANG_ENABLE_OBJC_ARC = YES;
				CLANG_WARN_BOOL_CONVERSION = YES;
				CLANG_WARN_CONSTANT_CONVERSION = YES;
				CLANG_WARN_DIRECT_OBJC_ISA_USAGE = YES_ERROR;
				CLANG_WARN_EMPTY_BODY = YES;
				CLANG_WARN_ENUM_CONVERSION = YES;
				CLANG_WARN_INT_CONVERSION = YES;
				CLANG_WARN_OBJC_ROOT_CLASS = YES_ERROR;
				CLANG_WARN_UNREACHABLE_CODE = YES;
				CLANG_WARN__DUPLICATE_METHOD_MATCH = YES;
				"CODE_SIGN_IDENTITY[sdk=iphoneos*]" = "iPhone Developer";
				COPY_PHASE_STRIP = NO;
				DEBUG_INFORMATION_FORMAT = "dwarf-with-dsym";
				ENABLE_NS_ASSERTIONS = NO;
				ENABLE_STRICT_OBJC_MSGSEND = YES;
				GCC_C_LANGUAGE_STANDARD = gnu99;
				GCC_NO_COMMON_BLOCKS = YES;
				GCC_WARN_64_TO_32_BIT_CONVERSION = YES;
				GCC_WARN_ABOUT_RETURN_TYPE = YES_ERROR;
				GCC_WARN_UNDECLARED_SELECTOR = YES;
				GCC_WARN_UNINITIALIZED_AUTOS = YES_AGGRESSIVE;
				GCC_WARN_UNUSED_FUNCTION = YES;
				GCC_WARN_UNUSED_VARIABLE = YES;
				IPHONEOS_DEPLOYMENT_TARGET = 9.2;
				MTL_ENABLE_DEBUG_INFO = NO;
				SDKROOT = iphoneos;
				VALIDATE_PRODUCT = YES;
			};
			name = Release;
		};
		3CDC9C3A1C84D4F000F795E4 /* Debug */ = {
			isa = XCBuildConfiguration;
			buildSettings = {
				ASSETCATALOG_COMPILER_APPICON_NAME = AppIcon;
				INFOPLIST_FILE = HelloWorld/Info.plist;
				LD_RUNPATH_SEARCH_PATHS = "$(inherited) @executable_path/Frameworks";
				PRODUCT_BUNDLE_IDENTIFIER = ro.integ.HelloWorld;
				PRODUCT_NAME = "$(TARGET_NAME)";
			};
			name = Debug;
		};
		3CDC9C3B1C84D4F000F795E4 /* Release */ = {
			isa = XCBuildConfiguration;
			buildSettings = {
				ASSETCATALOG_COMPILER_APPICON_NAME = AppIcon;
				INFOPLIST_FILE = HelloWorld/Info.plist;
				LD_RUNPATH_SEARCH_PATHS = "$(inherited) @executable_path/Frameworks";
				PRODUCT_BUNDLE_IDENTIFIER = ro.integ.HelloWorld;
				PRODUCT_NAME = "$(TARGET_NAME)";
			};
			name = Release;
		};
/* End XCBuildConfiguration section */

/* Begin XCConfigurationList section */
		3CDC9C221C84D4EF00F795E4 /* Build configuration list for PBXProject "HelloWorld" */ = {
			isa = XCConfigurationList;
			buildConfigurations = (
				3CDC9C371C84D4F000F795E4 /* Debug */,
				3CDC9C381C84D4F000F795E4 /* Release */,
			);
			defaultConfigurationIsVisible = 0;
			defaultConfigurationName = Release;
		};
		3CDC9C391C84D4F000F795E4 /* Build configuration list for PBXNativeTarget "HelloWorld" */ = {
			isa = XCConfigurationList;
			buildConfigurations = (
				3CDC9C3A1C84D4F000F795E4 /* Debug */,
				3CDC9C3B1C84D4F000F795E4 /* Release */,
			);
			defaultConfigurationIsVisible = 0;
		};
/* End XCConfigurationList section */
	};
	rootObject = 3CDC9C1F1C84D4EF00F795E4 /* Project object */;
}
